// !$*UTF8*$!
{
	archiveVersion = 1;
	classes = {
	};
	objectVersion = 56;
	objects = {

/* Begin PBXBuildFile section */
		B54CF3CF2A322C4B0012ED3F /* ContentViewModel.swift in Sources */ = {isa = PBXBuildFile; fileRef = B54CF3CE2A322C4B0012ED3F /* ContentViewModel.swift */; };
		B57CAA8F2A27705B0031A91C /* ContactFormApp.swift in Sources */ = {isa = PBXBuildFile; fileRef = B57CAA8E2A27705B0031A91C /* ContactFormApp.swift */; };
		B57CAA912A27705B0031A91C /* ContentView.swift in Sources */ = {isa = PBXBuildFile; fileRef = B57CAA902A27705B0031A91C /* ContentView.swift */; };
		B57CAA932A27705C0031A91C /* Assets.xcassets in Resources */ = {isa = PBXBuildFile; fileRef = B57CAA922A27705C0031A91C /* Assets.xcassets */; };
		B57CAA962A27705C0031A91C /* Preview Assets.xcassets in Resources */ = {isa = PBXBuildFile; fileRef = B57CAA952A27705C0031A91C /* Preview Assets.xcassets */; };
		B57CAA9F2A2771D60031A91C /* HeaderView.swift in Sources */ = {isa = PBXBuildFile; fileRef = B57CAA9E2A2771D60031A91C /* HeaderView.swift */; };
		B57CAAA12A2772540031A91C /* FormView.swift in Sources */ = {isa = PBXBuildFile; fileRef = B57CAAA02A2772540031A91C /* FormView.swift */; };
		B57CAAA32A27739F0031A91C /* ButtonView.swift in Sources */ = {isa = PBXBuildFile; fileRef = B57CAAA22A27739F0031A91C /* ButtonView.swift */; };
/* End PBXBuildFile section */

/* Begin PBXFileReference section */
		B54CF3CE2A322C4B0012ED3F /* ContentViewModel.swift */ = {isa = PBXFileReference; lastKnownFileType = sourcecode.swift; path = ContentViewModel.swift; sourceTree = "<group>"; };
		B57CAA8B2A27705B0031A91C /* ContactForm.app */ = {isa = PBXFileReference; explicitFileType = wrapper.application; includeInIndex = 0; path = ContactForm.app; sourceTree = BUILT_PRODUCTS_DIR; };
		B57CAA8E2A27705B0031A91C /* ContactFormApp.swift */ = {isa = PBXFileReference; lastKnownFileType = sourcecode.swift; path = ContactFormApp.swift; sourceTree = "<group>"; };
		B57CAA902A27705B0031A91C /* ContentView.swift */ = {isa = PBXFileReference; lastKnownFileType = sourcecode.swift; path = ContentView.swift; sourceTree = "<group>"; };
		B57CAA922A27705C0031A91C /* Assets.xcassets */ = {isa = PBXFileReference; lastKnownFileType = folder.assetcatalog; path = Assets.xcassets; sourceTree = "<group>"; };
		B57CAA952A27705C0031A91C /* Preview Assets.xcassets */ = {isa = PBXFileReference; lastKnownFileType = folder.assetcatalog; path = "Preview Assets.xcassets"; sourceTree = "<group>"; };
		B57CAA9E2A2771D60031A91C /* HeaderView.swift */ = {isa = PBXFileReference; lastKnownFileType = sourcecode.swift; path = HeaderView.swift; sourceTree = "<group>"; };
		B57CAAA02A2772540031A91C /* FormView.swift */ = {isa = PBXFileReference; lastKnownFileType = sourcecode.swift; path = FormView.swift; sourceTree = "<group>"; };
		B57CAAA22A27739F0031A91C /* ButtonView.swift */ = {isa = PBXFileReference; lastKnownFileType = sourcecode.swift; path = ButtonView.swift; sourceTree = "<group>"; };
		B57CAB992A2A82560031A91C /* Info.plist */ = {isa = PBXFileReference; lastKnownFileType = text.plist; path = Info.plist; sourceTree = "<group>"; };
/* End PBXFileReference section */

/* Begin PBXFrameworksBuildPhase section */
		B57CAA882A27705B0031A91C /* Frameworks */ = {
			isa = PBXFrameworksBuildPhase;
			buildActionMask = 2147483647;
			files = (
			);
			runOnlyForDeploymentPostprocessing = 0;
		};
/* End PBXFrameworksBuildPhase section */

/* Begin PBXGroup section */
		B57CAA822A27705B0031A91C = {
			isa = PBXGroup;
			children = (
				B57CAA8D2A27705B0031A91C /* ContactForm */,
				B57CAA8C2A27705B0031A91C /* Products */,
			);
			sourceTree = "<group>";
		};
		B57CAA8C2A27705B0031A91C /* Products */ = {
			isa = PBXGroup;
			children = (
				B57CAA8B2A27705B0031A91C /* ContactForm.app */,
			);
			name = Products;
			sourceTree = "<group>";
		};
		B57CAA8D2A27705B0031A91C /* ContactForm */ = {
			isa = PBXGroup;
			children = (
				B57CAB992A2A82560031A91C /* Info.plist */,
				B57CAA8E2A27705B0031A91C /* ContactFormApp.swift */,
				B57CAA902A27705B0031A91C /* ContentView.swift */,
				B54CF3CE2A322C4B0012ED3F /* ContentViewModel.swift */,
				B57CAA9E2A2771D60031A91C /* HeaderView.swift */,
				B57CAAA02A2772540031A91C /* FormView.swift */,
				B57CAAA22A27739F0031A91C /* ButtonView.swift */,
				B57CAA922A27705C0031A91C /* Assets.xcassets */,
				B57CAA942A27705C0031A91C /* Preview Content */,
			);
			path = ContactForm;
			sourceTree = "<group>";
		};
		B57CAA942A27705C0031A91C /* Preview Content */ = {
			isa = PBXGroup;
			children = (
				B57CAA952A27705C0031A91C /* Preview Assets.xcassets */,
			);
			path = "Preview Content";
			sourceTree = "<group>";
		};
/* End PBXGroup section */

/* Begin PBXNativeTarget section */
		B57CAA8A2A27705B0031A91C /* ContactForm */ = {
			isa = PBXNativeTarget;
			buildConfigurationList = B57CAA992A27705C0031A91C /* Build configuration list for PBXNativeTarget "ContactForm" */;
			buildPhases = (
				B57CAA872A27705B0031A91C /* Sources */,
				B57CAA882A27705B0031A91C /* Frameworks */,
				B57CAA892A27705B0031A91C /* Resources */,
			);
			buildRules = (
			);
			dependencies = (
			);
			name = ContactForm;
			productName = ContactForm;
			productReference = B57CAA8B2A27705B0031A91C /* ContactForm.app */;
			productType = "com.apple.product-type.application";
		};
/* End PBXNativeTarget section */

/* Begin PBXProject section */
		B57CAA832A27705B0031A91C /* Project object */ = {
			isa = PBXProject;
			attributes = {
				BuildIndependentTargetsInParallel = 1;
				LastSwiftUpdateCheck = 1420;
				LastUpgradeCheck = 1420;
				TargetAttributes = {
					B57CAA8A2A27705B0031A91C = {
						CreatedOnToolsVersion = 14.2;
					};
				};
			};
			buildConfigurationList = B57CAA862A27705B0031A91C /* Build configuration list for PBXProject "ContactForm" */;
			compatibilityVersion = "Xcode 14.0";
			developmentRegion = en;
			hasScannedForEncodings = 0;
			knownRegions = (
				en,
				Base,
			);
			mainGroup = B57CAA822A27705B0031A91C;
			productRefGroup = B57CAA8C2A27705B0031A91C /* Products */;
			projectDirPath = "";
			projectRoot = "";
			targets = (
				B57CAA8A2A27705B0031A91C /* ContactForm */,
			);
		};
/* End PBXProject section */

/* Begin PBXResourcesBuildPhase section */
		B57CAA892A27705B0031A91C /* Resources */ = {
			isa = PBXResourcesBuildPhase;
			buildActionMask = 2147483647;
			files = (
				B57CAA962A27705C0031A91C /* Preview Assets.xcassets in Resources */,
				B57CAA932A27705C0031A91C /* Assets.xcassets in Resources */,
			);
			runOnlyForDeploymentPostprocessing = 0;
		};
/* End PBXResourcesBuildPhase section */

/* Begin PBXSourcesBuildPhase section */
		B57CAA872A27705B0031A91C /* Sources */ = {
			isa = PBXSourcesBuildPhase;
			buildActionMask = 2147483647;
			files = (
				B57CAAA12A2772540031A91C /* FormView.swift in Sources */,
				B57CAA912A27705B0031A91C /* ContentView.swift in Sources */,
				B54CF3CF2A322C4B0012ED3F /* ContentViewModel.swift in Sources */,
				B57CAAA32A27739F0031A91C /* ButtonView.swift in Sources */,
				B57CAA9F2A2771D60031A91C /* HeaderView.swift in Sources */,
				B57CAA8F2A27705B0031A91C /* ContactFormApp.swift in Sources */,
			);
			runOnlyForDeploymentPostprocessing = 0;
		};
/* End PBXSourcesBuildPhase section */

/* Begin XCBuildConfiguration section */
		B57CAA972A27705C0031A91C /* Debug */ = {
			isa = XCBuildConfiguration;
			buildSettings = {
				ALWAYS_SEARCH_USER_PATHS = NO;
				CLANG_ANALYZER_NONNULL = YES;
				CLANG_ANALYZER_NUMBER_OBJECT_CONVERSION = YES_AGGRESSIVE;
				CLANG_CXX_LANGUAGE_STANDARD = "gnu++20";
				CLANG_ENABLE_MODULES = YES;
				CLANG_ENABLE_OBJC_ARC = YES;
				CLANG_ENABLE_OBJC_WEAK = YES;
				CLANG_WARN_BLOCK_CAPTURE_AUTORELEASING = YES;
				CLANG_WARN_BOOL_CONVERSION = YES;
				CLANG_WARN_COMMA = YES;
				CLANG_WARN_CONSTANT_CONVERSION = YES;
				CLANG_WARN_DEPRECATED_OBJC_IMPLEMENTATIONS = YES;
				CLANG_WARN_DIRECT_OBJC_ISA_USAGE = YES_ERROR;
				CLANG_WARN_DOCUMENTATION_COMMENTS = YES;
				CLANG_WARN_EMPTY_BODY = YES;
				CLANG_WARN_ENUM_CONVERSION = YES;
				CLANG_WARN_INFINITE_RECURSION = YES;
				CLANG_WARN_INT_CONVERSION = YES;
				CLANG_WARN_NON_LITERAL_NULL_CONVERSION = YES;
				CLANG_WARN_OBJC_IMPLICIT_RETAIN_SELF = YES;
				CLANG_WARN_OBJC_LITERAL_CONVERSION = YES;
				CLANG_WARN_OBJC_ROOT_CLASS = YES_ERROR;
				CLANG_WARN_QUOTED_INCLUDE_IN_FRAMEWORK_HEADER = YES;
				CLANG_WARN_RANGE_LOOP_ANALYSIS = YES;
				CLANG_WARN_STRICT_PROTOTYPES = YES;
				CLANG_WARN_SUSPICIOUS_MOVE = YES;
				CLANG_WARN_UNGUARDED_AVAILABILITY = YES_AGGRESSIVE;
				CLANG_WARN_UNREACHABLE_CODE = YES;
				CLANG_WARN__DUPLICATE_METHOD_MATCH = YES;
				COPY_PHASE_STRIP = NO;
				DEBUG_INFORMATION_FORMAT = dwarf;
				ENABLE_STRICT_OBJC_MSGSEND = YES;
				ENABLE_TESTABILITY = YES;
				GCC_C_LANGUAGE_STANDARD = gnu11;
				GCC_DYNAMIC_NO_PIC = NO;
				GCC_NO_COMMON_BLOCKS = YES;
				GCC_OPTIMIZATION_LEVEL = 0;
				GCC_PREPROCESSOR_DEFINITIONS = (
					"DEBUG=1",
					"$(inherited)",
				);
				GCC_WARN_64_TO_32_BIT_CONVERSION = YES;
				GCC_WARN_ABOUT_RETURN_TYPE = YES_ERROR;
				GCC_WARN_UNDECLARED_SELECTOR = YES;
				GCC_WARN_UNINITIALIZED_AUTOS = YES_AGGRESSIVE;
				GCC_WARN_UNUSED_FUNCTION = YES;
				GCC_WARN_UNUSED_VARIABLE = YES;
				IPHONEOS_DEPLOYMENT_TARGET = 16.2;
				MTL_ENABLE_DEBUG_INFO = INCLUDE_SOURCE;
				MTL_FAST_MATH = YES;
				ONLY_ACTIVE_ARCH = YES;
				SDKROOT = iphoneos;
				SWIFT_ACTIVE_COMPILATION_CONDITIONS = DEBUG;
				SWIFT_OPTIMIZATION_LEVEL = "-Onone";
			};
			name = Debug;
		};
		B57CAA982A27705C0031A91C /* Release */ = {
			isa = XCBuildConfiguration;
			buildSettings = {
				ALWAYS_SEARCH_USER_PATHS = NO;
				CLANG_ANALYZER_NONNULL = YES;
				CLANG_ANALYZER_NUMBER_OBJECT_CONVERSION = YES_AGGRESSIVE;
				CLANG_CXX_LANGUAGE_STANDARD = "gnu++20";
				CLANG_ENABLE_MODULES = YES;
				CLANG_ENABLE_OBJC_ARC = YES;
				CLANG_ENABLE_OBJC_WEAK = YES;
				CLANG_WARN_BLOCK_CAPTURE_AUTORELEASING = YES;
				CLANG_WARN_BOOL_CONVERSION = YES;
				CLANG_WARN_COMMA = YES;
				CLANG_WARN_CONSTANT_CONVERSION = YES;
				CLANG_WARN_DEPRECATED_OBJC_IMPLEMENTATIONS = YES;
				CLANG_WARN_DIRECT_OBJC_ISA_USAGE = YES_ERROR;
				CLANG_WARN_DOCUMENTATION_COMMENTS = YES;
				CLANG_WARN_EMPTY_BODY = YES;
				CLANG_WARN_ENUM_CONVERSION = YES;
				CLANG_WARN_INFINITE_RECURSION = YES;
				CLANG_WARN_INT_CONVERSION = YES;
				CLANG_WARN_NON_LITERAL_NULL_CONVERSION = YES;
				CLANG_WARN_OBJC_IMPLICIT_RETAIN_SELF = YES;
				CLANG_WARN_OBJC_LITERAL_CONVERSION = YES;
				CLANG_WARN_OBJC_ROOT_CLASS = YES_ERROR;
				CLANG_WARN_QUOTED_INCLUDE_IN_FRAMEWORK_HEADER = YES;
				CLANG_WARN_RANGE_LOOP_ANALYSIS = YES;
				CLANG_WARN_STRICT_PROTOTYPES = YES;
				CLANG_WARN_SUSPICIOUS_MOVE = YES;
				CLANG_WARN_UNGUARDED_AVAILABILITY = YES_AGGRESSIVE;
				CLANG_WARN_UNREACHABLE_CODE = YES;
				CLANG_WARN__DUPLICATE_METHOD_MATCH = YES;
				COPY_PHASE_STRIP = NO;
				DEBUG_INFORMATION_FORMAT = "dwarf-with-dsym";
				ENABLE_NS_ASSERTIONS = NO;
				ENABLE_STRICT_OBJC_MSGSEND = YES;
				GCC_C_LANGUAGE_STANDARD = gnu11;
				GCC_NO_COMMON_BLOCKS = YES;
				GCC_WARN_64_TO_32_BIT_CONVERSION = YES;
				GCC_WARN_ABOUT_RETURN_TYPE = YES_ERROR;
				GCC_WARN_UNDECLARED_SELECTOR = YES;
				GCC_WARN_UNINITIALIZED_AUTOS = YES_AGGRESSIVE;
				GCC_WARN_UNUSED_FUNCTION = YES;
				GCC_WARN_UNUSED_VARIABLE = YES;
				IPHONEOS_DEPLOYMENT_TARGET = 16.2;
				MTL_ENABLE_DEBUG_INFO = NO;
				MTL_FAST_MATH = YES;
				SDKROOT = iphoneos;
				SWIFT_COMPILATION_MODE = wholemodule;
				SWIFT_OPTIMIZATION_LEVEL = "-O";
				VALIDATE_PRODUCT = YES;
			};
			name = Release;
		};
		B57CAA9A2A27705C0031A91C /* Debug */ = {
			isa = XCBuildConfiguration;
			buildSettings = {
				ASSETCATALOG_COMPILER_APPICON_NAME = AppIcon;
				ASSETCATALOG_COMPILER_GLOBAL_ACCENT_COLOR_NAME = AccentColor;
				CODE_SIGN_STYLE = Automatic;
				CURRENT_PROJECT_VERSION = 1;
				DEVELOPMENT_ASSET_PATHS = "\"ContactForm/Preview Content\"";
				ENABLE_PREVIEWS = YES;
				GENERATE_INFOPLIST_FILE = YES;
				INFOPLIST_FILE = ContactForm/Info.plist;
				INFOPLIST_KEY_UIApplicationSupportsIndirectInputEvents = YES;
				INFOPLIST_KEY_UILaunchScreen_Generation = YES;
				INFOPLIST_KEY_UISupportedInterfaceOrientations_iPad = "UIInterfaceOrientationPortrait UIInterfaceOrientationPortraitUpsideDown UIInterfaceOrientationLandscapeLeft UIInterfaceOrientationLandscapeRight";
				INFOPLIST_KEY_UISupportedInterfaceOrientations_iPhone = "UIInterfaceOrientationPortrait UIInterfaceOrientationLandscapeLeft UIInterfaceOrientationLandscapeRight";
				LD_RUNPATH_SEARCH_PATHS = (
					"$(inherited)",
					"@executable_path/Frameworks",
				);
				MARKETING_VERSION = 1.0;
				PRODUCT_BUNDLE_IDENTIFIER = swift.ContactForm;
				PRODUCT_NAME = "$(TARGET_NAME)";
				SWIFT_EMIT_LOC_STRINGS = YES;
				SWIFT_VERSION = 5.0;
				TARGETED_DEVICE_FAMILY = "1,2";
			};
			name = Debug;
		};
		B57CAA9B2A27705C0031A91C /* Release */ = {
			isa = XCBuildConfiguration;
			buildSettings = {
				ASSETCATALOG_COMPILER_APPICON_NAME = AppIcon;
				ASSETCATALOG_COMPILER_GLOBAL_ACCENT_COLOR_NAME = AccentColor;
				CODE_SIGN_STYLE = Automatic;
				CURRENT_PROJECT_VERSION = 1;
				DEVELOPMENT_ASSET_PATHS = "\"ContactForm/Preview Content\"";
				ENABLE_PREVIEWS = YES;
				GENERATE_INFOPLIST_FILE = YES;
				INFOPLIST_FILE = ContactForm/Info.plist;
				INFOPLIST_KEY_UIApplicationSupportsIndirectInputEvents = YES;
				INFOPLIST_KEY_UILaunchScreen_Generation = YES;
				INFOPLIST_KEY_UISupportedInterfaceOrientations_iPad = "UIInterfaceOrientationPortrait UIInterfaceOrientationPortraitUpsideDown UIInterfaceOrientationLandscapeLeft UIInterfaceOrientationLandscapeRight";
				INFOPLIST_KEY_UISupportedInterfaceOrientations_iPhone = "UIInterfaceOrientationPortrait UIInterfaceOrientationLandscapeLeft UIInterfaceOrientationLandscapeRight";
				LD_RUNPATH_SEARCH_PATHS = (
					"$(inherited)",
					"@executable_path/Frameworks",
				);
				MARKETING_VERSION = 1.0;
				PRODUCT_BUNDLE_IDENTIFIER = swift.ContactForm;
				PRODUCT_NAME = "$(TARGET_NAME)";
				SWIFT_EMIT_LOC_STRINGS = YES;
				SWIFT_VERSION = 5.0;
				TARGETED_DEVICE_FAMILY = "1,2";
			};
			name = Release;
		};
/* End XCBuildConfiguration section */

/* Begin XCConfigurationList section */
		B57CAA862A27705B0031A91C /* Build configuration list for PBXProject "ContactForm" */ = {
			isa = XCConfigurationList;
			buildConfigurations = (
				B57CAA972A27705C0031A91C /* Debug */,
				B57CAA982A27705C0031A91C /* Release */,
			);
			defaultConfigurationIsVisible = 0;
			defaultConfigurationName = Release;
		};
		B57CAA992A27705C0031A91C /* Build configuration list for PBXNativeTarget "ContactForm" */ = {
			isa = XCConfigurationList;
			buildConfigurations = (
				B57CAA9A2A27705C0031A91C /* Debug */,
				B57CAA9B2A27705C0031A91C /* Release */,
			);
			defaultConfigurationIsVisible = 0;
			defaultConfigurationName = Release;
		};
/* End XCConfigurationList section */
	};
	rootObject = B57CAA832A27705B0031A91C /* Project object */;
}
